github.com/dhowden/tag v0.0.0-20201120070457-d52dcb253c63 h1:/u5RVRk3Nh7Zw1QQnPtUH5kzcc8JmSSRpHSlGU/zGTE=
github.com/dhowden/tag v0.0.0-20201120070457-d52dcb253c63/go.mod h1:SniNVYuaD1jmdEEvi+7ywb1QFR7agjeTdGKyFb0p7Rw=
github.com/go-telegram-bot-api/telegram-bot-api/v5 v5.0.0-rc1.0.20210311030851-d0e1dfd8c604 h1:e60FUuyuEsg5bxiC3mBAbTt/IEQ0/W57XdhZXaqU3oY=
github.com/go-telegram-bot-api/telegram-bot-api/v5 v5.0.0-rc1.0.20210311030851-d0e1dfd8c604/go.mod h1:5+h9c5l1Z/+Pi+5boa1Fmr4Q+FImsXYnifor92ljaVs=
golang.org/x/image v0.0.0-20210628002857-a66eb6448b8d h1:RNPAfi2nHY7C2srAV8A49jpsYr0ADedCk1wq6fTMTvs=
golang.org/x/image v0.0.0-20210628002857-a66eb6448b8d/go.mod h1:023OzeP/+EPmXeapQh35lcL3II3LrY8Ic+EFFKVhULM=
golang.org/x/text v0.3.6/go.mod h1:5Zoc/QRtKVWzQhOtBMvqHzDpF6irO9z98xDceosuGiQ=
golang.org/x/tools v0.0.0-20180917221912-90fa682c2a6e/go.mod h1:n7NCudcB/nEzxVGmLbDWY5pfWTLqBcC2KZ6jyYvM4mQ=
